PODS:
  - Alamofire (4.8.2)
  - DeepDiff (2.2.0)
  - Kingfisher (5.6.0)
  - RxCocoa (5.0.0):
    - RxRelay (~> 5)
    - RxSwift (~> 5)
  - RxOptional (4.0.0):
    - RxCocoa (~> 5)
    - RxSwift (~> 5)
  - RxRelay (5.0.0):
    - RxSwift (~> 5)
  - RxSwift (5.0.0)
  - SnapKit (5.0.0)
  - StatefulViewController (3.0)
  - SVGgh (1.10.4)
  - XCoordinator (1.5.0):
    - XCoordinator/Core (= 1.5.0)
  - XCoordinator/Core (1.5.0)

DEPENDENCIES:
  - Alamofire
  - DeepDiff
  - Kingfisher
  - RxCocoa
  - RxOptional
  - RxSwift
  - SnapKit
  - StatefulViewController
  - SVGgh
  - XCoordinator

SPEC REPOS:
  https://github.com/cocoapods/specs.git:
    - Alamofire
    - DeepDiff
    - Kingfisher
    - RxCocoa
    - RxOptional
    - RxRelay
    - RxSwift
    - SnapKit
    - StatefulViewController
    - SVGgh
    - XCoordinator

SPEC CHECKSUMS:
  Alamofire: ae5c501addb7afdbb13687d7f2f722c78734c2d3
  DeepDiff: e329bc46dd14ca788d8ec08d34420799ba1d77f2
  Kingfisher: 1a50df6880a60bae26f3e21a0df3d17b892f5e0b
  RxCocoa: fcf32050ac00d801f34a7f71d5e8e7f23026dcd8
  RxOptional: 9904e2219d59260c3c171273d475b2126de187e8
  RxRelay: 4f7409406a51a55cd88483f21ed898c234d60f18
  RxSwift: 8b0671caa829a763bbce7271095859121cbd895f
  SnapKit: fd22d10eb9aff484d79a8724eab922c1ddf89bcf
  StatefulViewController: 4803bf900d44de26074344998e10e041113b5931
  SVGgh: c512dc436cab555d8f73e9c89f14f4894d91f802
  XCoordinator: 4cb9530e886ecb5ad8c448361c60950fe49451c2

PODFILE CHECKSUM: f28b0f4fd5dcc4d399b4fc4e5851efad77fb984b

COCOAPODS: 1.7.2
