// !$*UTF8*$!
{
	archiveVersion = 1;
	classes = {
	};
	objectVersion = 50;
	objects = {

/* Begin PBXBuildFile section */
		82C4FF0A22C63C2D00B5F70F /* AppDelegate.swift in Sources */ = {isa = PBXBuildFile; fileRef = 82C4FF0922C63C2D00B5F70F /* AppDelegate.swift */; };
		82C4FF0C22C63C2D00B5F70F /* ViewController.swift in Sources */ = {isa = PBXBuildFile; fileRef = 82C4FF0B22C63C2D00B5F70F /* ViewController.swift */; };
		82C4FF0F22C63C2D00B5F70F /* Main.storyboard in Resources */ = {isa = PBXBuildFile; fileRef = 82C4FF0D22C63C2D00B5F70F /* Main.storyboard */; };
		82C4FF1122C63C2F00B5F70F /* Assets.xcassets in Resources */ = {isa = PBXBuildFile; fileRef = 82C4FF1022C63C2F00B5F70F /* Assets.xcassets */; };
		82C4FF1422C63C2F00B5F70F /* LaunchScreen.storyboard in Resources */ = {isa = PBXBuildFile; fileRef = 82C4FF1222C63C2F00B5F70F /* LaunchScreen.storyboard */; };
/* End PBXBuildFile section */

/* Begin PBXFileReference section */
		82C4FF0622C63C2D00B5F70F /* MapOverlayAnimation.app */ = {isa = PBXFileReference; explicitFileType = wrapper.application; includeInIndex = 0; path = MapOverlayAnimation.app; sourceTree = BUILT_PRODUCTS_DIR; };
		82C4FF0922C63C2D00B5F70F /* AppDelegate.swift */ = {isa = PBXFileReference; lastKnownFileType = sourcecode.swift; path = AppDelegate.swift; sourceTree = "<group>"; };
		82C4FF0B22C63C2D00B5F70F /* ViewController.swift */ = {isa = PBXFileReference; lastKnownFileType = sourcecode.swift; path = ViewController.swift; sourceTree = "<group>"; };
		82C4FF0E22C63C2D00B5F70F /* Base */ = {isa = PBXFileReference; lastKnownFileType = file.storyboard; name = Base; path = Base.lproj/Main.storyboard; sourceTree = "<group>"; };
		82C4FF1022C63C2F00B5F70F /* Assets.xcassets */ = {isa = PBXFileReference; lastKnownFileType = folder.assetcatalog; path = Assets.xcassets; sourceTree = "<group>"; };
		82C4FF1322C63C2F00B5F70F /* Base */ = {isa = PBXFileReference; lastKnownFileType = file.storyboard; name = Base; path = Base.lproj/LaunchScreen.storyboard; sourceTree = "<group>"; };
		82C4FF1522C63C2F00B5F70F /* Info.plist */ = {isa = PBXFileReference; lastKnownFileType = text.plist.xml; path = Info.plist; sourceTree = "<group>"; };
/* End PBXFileReference section */

/* Begin PBXFrameworksBuildPhase section */
		82C4FF0322C63C2D00B5F70F /* Frameworks */ = {
			isa = PBXFrameworksBuildPhase;
			buildActionMask = 2147483647;
			files = (
			);
			runOnlyForDeploymentPostprocessing = 0;
		};
/* End PBXFrameworksBuildPhase section */

/* Begin PBXGroup section */
		82C4FEFD22C63C2D00B5F70F = {
			isa = PBXGroup;
			children = (
				82C4FF0822C63C2D00B5F70F /* MapOverlayAnimation */,
				82C4FF0722C63C2D00B5F70F /* Products */,
			);
			sourceTree = "<group>";
		};
		82C4FF0722C63C2D00B5F70F /* Products */ = {
			isa = PBXGroup;
			children = (
				82C4FF0622C63C2D00B5F70F /* MapOverlayAnimation.app */,
			);
			name = Products;
			sourceTree = "<group>";
		};
		82C4FF0822C63C2D00B5F70F /* MapOverlayAnimation */ = {
			isa = PBXGroup;
			children = (
				82C4FF0922C63C2D00B5F70F /* AppDelegate.swift */,
				82C4FF0B22C63C2D00B5F70F /* ViewController.swift */,
				82C4FF0D22C63C2D00B5F70F /* Main.storyboard */,
				82C4FF1022C63C2F00B5F70F /* Assets.xcassets */,
				82C4FF1222C63C2F00B5F70F /* LaunchScreen.storyboard */,
				82C4FF1522C63C2F00B5F70F /* Info.plist */,
			);
			path = MapOverlayAnimation;
			sourceTree = "<group>";
		};
/* End PBXGroup section */

/* Begin PBXNativeTarget section */
		82C4FF0522C63C2D00B5F70F /* MapOverlayAnimation */ = {
			isa = PBXNativeTarget;
			buildConfigurationList = 82C4FF1822C63C2F00B5F70F /* Build configuration list for PBXNativeTarget "MapOverlayAnimation" */;
			buildPhases = (
				82C4FF0222C63C2D00B5F70F /* Sources */,
				82C4FF0322C63C2D00B5F70F /* Frameworks */,
				82C4FF0422C63C2D00B5F70F /* Resources */,
			);
			buildRules = (
			);
			dependencies = (
			);
			name = MapOverlayAnimation;
			productName = MapOverlayAnimation;
			productReference = 82C4FF0622C63C2D00B5F70F /* MapOverlayAnimation.app */;
			productType = "com.apple.product-type.application";
		};
/* End PBXNativeTarget section */

/* Begin PBXProject section */
		82C4FEFE22C63C2D00B5F70F /* Project object */ = {
			isa = PBXProject;
			attributes = {
				LastSwiftUpdateCheck = 1020;
				LastUpgradeCheck = 1020;
				ORGANIZATIONNAME = "Pavel Lukandiy";
				TargetAttributes = {
					82C4FF0522C63C2D00B5F70F = {
						CreatedOnToolsVersion = 10.2.1;
					};
				};
			};
			buildConfigurationList = 82C4FF0122C63C2D00B5F70F /* Build configuration list for PBXProject "MapOverlayAnimation" */;
			compatibilityVersion = "Xcode 9.3";
			developmentRegion = en;
			hasScannedForEncodings = 0;
			knownRegions = (
				en,
				Base,
			);
			mainGroup = 82C4FEFD22C63C2D00B5F70F;
			productRefGroup = 82C4FF0722C63C2D00B5F70F /* Products */;
			projectDirPath = "";
			projectRoot = "";
			targets = (
				82C4FF0522C63C2D00B5F70F /* MapOverlayAnimation */,
			);
		};
/* End PBXProject section */

/* Begin PBXResourcesBuildPhase section */
		82C4FF0422C63C2D00B5F70F /* Resources */ = {
			isa = PBXResourcesBuildPhase;
			buildActionMask = 2147483647;
			files = (
				82C4FF1422C63C2F00B5F70F /* LaunchScreen.storyboard in Resources */,
				82C4FF1122C63C2F00B5F70F /* Assets.xcassets in Resources */,
				82C4FF0F22C63C2D00B5F70F /* Main.storyboard in Resources */,
			);
			runOnlyForDeploymentPostprocessing = 0;
		};
/* End PBXResourcesBuildPhase section */

/* Begin PBXSourcesBuildPhase section */
		82C4FF0222C63C2D00B5F70F /* Sources */ = {
			isa = PBXSourcesBuildPhase;
			buildActionMask = 2147483647;
			files = (
				82C4FF0C22C63C2D00B5F70F /* ViewController.swift in Sources */,
				82C4FF0A22C63C2D00B5F70F /* AppDelegate.swift in Sources */,
			);
			runOnlyForDeploymentPostprocessing = 0;
		};
/* End PBXSourcesBuildPhase section */

/* Begin PBXVariantGroup section */
		82C4FF0D22C63C2D00B5F70F /* Main.storyboard */ = {
			isa = PBXVariantGroup;
			children = (
				82C4FF0E22C63C2D00B5F70F /* Base */,
			);
			name = Main.storyboard;
			sourceTree = "<group>";
		};
		82C4FF1222C63C2F00B5F70F /* LaunchScreen.storyboard */ = {
			isa = PBXVariantGroup;
			children = (
				82C4FF1322C63C2F00B5F70F /* Base */,
			);
			name = LaunchScreen.storyboard;
			sourceTree = "<group>";
		};
/* End PBXVariantGroup section */

/* Begin XCBuildConfiguration section */
		82C4FF1622C63C2F00B5F70F /* Debug */ = {
			isa = XCBuildConfiguration;
			buildSettings = {
				ALWAYS_SEARCH_USER_PATHS = NO;
				CLANG_ANALYZER_NONNULL = YES;
				CLANG_ANALYZER_NUMBER_OBJECT_CONVERSION = YES_AGGRESSIVE;
				CLANG_CXX_LANGUAGE_STANDARD = "gnu++14";
				CLANG_CXX_LIBRARY = "libc++";
				CLANG_ENABLE_MODULES = YES;
				CLANG_ENABLE_OBJC_ARC = YES;
				CLANG_ENABLE_OBJC_WEAK = YES;
				CLANG_WARN_BLOCK_CAPTURE_AUTORELEASING = YES;
				CLANG_WARN_BOOL_CONVERSION = YES;
				CLANG_WARN_COMMA = YES;
				CLANG_WARN_CONSTANT_CONVERSION = YES;
				CLANG_WARN_DEPRECATED_OBJC_IMPLEMENTATIONS = YES;
				CLANG_WARN_DIRECT_OBJC_ISA_USAGE = YES_ERROR;
				CLANG_WARN_DOCUMENTATION_COMMENTS = YES;
				CLANG_WARN_EMPTY_BODY = YES;
				CLANG_WARN_ENUM_CONVERSION = YES;
				CLANG_WARN_INFINITE_RECURSION = YES;
				CLANG_WARN_INT_CONVERSION = YES;
				CLANG_WARN_NON_LITERAL_NULL_CONVERSION = YES;
				CLANG_WARN_OBJC_IMPLICIT_RETAIN_SELF = YES;
				CLANG_WARN_OBJC_LITERAL_CONVERSION = YES;
				CLANG_WARN_OBJC_ROOT_CLASS = YES_ERROR;
				CLANG_WARN_RANGE_LOOP_ANALYSIS = YES;
				CLANG_WARN_STRICT_PROTOTYPES = YES;
				CLANG_WARN_SUSPICIOUS_MOVE = YES;
				CLANG_WARN_UNGUARDED_AVAILABILITY = YES_AGGRESSIVE;
				CLANG_WARN_UNREACHABLE_CODE = YES;
				CLANG_WARN__DUPLICATE_METHOD_MATCH = YES;
				CODE_SIGN_IDENTITY = "iPhone Developer";
				COPY_PHASE_STRIP = NO;
				DEBUG_INFORMATION_FORMAT = dwarf;
				ENABLE_STRICT_OBJC_MSGSEND = YES;
				ENABLE_TESTABILITY = YES;
				GCC_C_LANGUAGE_STANDARD = gnu11;
				GCC_DYNAMIC_NO_PIC = NO;
				GCC_NO_COMMON_BLOCKS = YES;
				GCC_OPTIMIZATION_LEVEL = 0;
				GCC_PREPROCESSOR_DEFINITIONS = (
					"DEBUG=1",
					"$(inherited)",
				);
				GCC_WARN_64_TO_32_BIT_CONVERSION = YES;
				GCC_WARN_ABOUT_RETURN_TYPE = YES_ERROR;
				GCC_WARN_UNDECLARED_SELECTOR = YES;
				GCC_WARN_UNINITIALIZED_AUTOS = YES_AGGRESSIVE;
				GCC_WARN_UNUSED_FUNCTION = YES;
				GCC_WARN_UNUSED_VARIABLE = YES;
				IPHONEOS_DEPLOYMENT_TARGET = 12.2;
				MTL_ENABLE_DEBUG_INFO = INCLUDE_SOURCE;
				MTL_FAST_MATH = YES;
				ONLY_ACTIVE_ARCH = YES;
				SDKROOT = iphoneos;
				SWIFT_ACTIVE_COMPILATION_CONDITIONS = DEBUG;
				SWIFT_OPTIMIZATION_LEVEL = "-Onone";
			};
			name = Debug;
		};
		82C4FF1722C63C2F00B5F70F /* Release */ = {
			isa = XCBuildConfiguration;
			buildSettings = {
				ALWAYS_SEARCH_USER_PATHS = NO;
				CLANG_ANALYZER_NONNULL = YES;
				CLANG_ANALYZER_NUMBER_OBJECT_CONVERSION = YES_AGGRESSIVE;
				CLANG_CXX_LANGUAGE_STANDARD = "gnu++14";
				CLANG_CXX_LIBRARY = "libc++";
				CLANG_ENABLE_MODULES = YES;
				CLANG_ENABLE_OBJC_ARC = YES;
				CLANG_ENABLE_OBJC_WEAK = YES;
				CLANG_WARN_BLOCK_CAPTURE_AUTORELEASING = YES;
				CLANG_WARN_BOOL_CONVERSION = YES;
				CLANG_WARN_COMMA = YES;
				CLANG_WARN_CONSTANT_CONVERSION = YES;
				CLANG_WARN_DEPRECATED_OBJC_IMPLEMENTATIONS = YES;
				CLANG_WARN_DIRECT_OBJC_ISA_USAGE = YES_ERROR;
				CLANG_WARN_DOCUMENTATION_COMMENTS = YES;
				CLANG_WARN_EMPTY_BODY = YES;
				CLANG_WARN_ENUM_CONVERSION = YES;
				CLANG_WARN_INFINITE_RECURSION = YES;
				CLANG_WARN_INT_CONVERSION = YES;
				CLANG_WARN_NON_LITERAL_NULL_CONVERSION = YES;
				CLANG_WARN_OBJC_IMPLICIT_RETAIN_SELF = YES;
				CLANG_WARN_OBJC_LITERAL_CONVERSION = YES;
				CLANG_WARN_OBJC_ROOT_CLASS = YES_ERROR;
				CLANG_WARN_RANGE_LOOP_ANALYSIS = YES;
				CLANG_WARN_STRICT_PROTOTYPES = YES;
				CLANG_WARN_SUSPICIOUS_MOVE = YES;
				CLANG_WARN_UNGUARDED_AVAILABILITY = YES_AGGRESSIVE;
				CLANG_WARN_UNREACHABLE_CODE = YES;
				CLANG_WARN__DUPLICATE_METHOD_MATCH = YES;
				CODE_SIGN_IDENTITY = "iPhone Developer";
				COPY_PHASE_STRIP = NO;
				DEBUG_INFORMATION_FORMAT = "dwarf-with-dsym";
				ENABLE_NS_ASSERTIONS = NO;
				ENABLE_STRICT_OBJC_MSGSEND = YES;
				GCC_C_LANGUAGE_STANDARD = gnu11;
				GCC_NO_COMMON_BLOCKS = YES;
				GCC_WARN_64_TO_32_BIT_CONVERSION = YES;
				GCC_WARN_ABOUT_RETURN_TYPE = YES_ERROR;
				GCC_WARN_UNDECLARED_SELECTOR = YES;
				GCC_WARN_UNINITIALIZED_AUTOS = YES_AGGRESSIVE;
				GCC_WARN_UNUSED_FUNCTION = YES;
				GCC_WARN_UNUSED_VARIABLE = YES;
				IPHONEOS_DEPLOYMENT_TARGET = 12.2;
				MTL_ENABLE_DEBUG_INFO = NO;
				MTL_FAST_MATH = YES;
				SDKROOT = iphoneos;
				SWIFT_COMPILATION_MODE = wholemodule;
				SWIFT_OPTIMIZATION_LEVEL = "-O";
				VALIDATE_PRODUCT = YES;
			};
			name = Release;
		};
		82C4FF1922C63C2F00B5F70F /* Debug */ = {
			isa = XCBuildConfiguration;
			buildSettings = {
				ASSETCATALOG_COMPILER_APPICON_NAME = AppIcon;
				CODE_SIGN_STYLE = Automatic;
				DEVELOPMENT_TEAM = XXXR6J7L35;
				INFOPLIST_FILE = MapOverlayAnimation/Info.plist;
				LD_RUNPATH_SEARCH_PATHS = (
					"$(inherited)",
					"@executable_path/Frameworks",
				);
				PRODUCT_BUNDLE_IDENTIFIER = com.pl.MapOverlayAnimation;
				PRODUCT_NAME = "$(TARGET_NAME)";
				SWIFT_VERSION = 5.0;
				TARGETED_DEVICE_FAMILY = "1,2";
			};
			name = Debug;
		};
		82C4FF1A22C63C2F00B5F70F /* Release */ = {
			isa = XCBuildConfiguration;
			buildSettings = {
				ASSETCATALOG_COMPILER_APPICON_NAME = AppIcon;
				CODE_SIGN_STYLE = Automatic;
				DEVELOPMENT_TEAM = XXXR6J7L35;
				INFOPLIST_FILE = MapOverlayAnimation/Info.plist;
				LD_RUNPATH_SEARCH_PATHS = (
					"$(inherited)",
					"@executable_path/Frameworks",
				);
				PRODUCT_BUNDLE_IDENTIFIER = com.pl.MapOverlayAnimation;
				PRODUCT_NAME = "$(TARGET_NAME)";
				SWIFT_VERSION = 5.0;
				TARGETED_DEVICE_FAMILY = "1,2";
			};
			name = Release;
		};
/* End XCBuildConfiguration section */

/* Begin XCConfigurationList section */
		82C4FF0122C63C2D00B5F70F /* Build configuration list for PBXProject "MapOverlayAnimation" */ = {
			isa = XCConfigurationList;
			buildConfigurations = (
				82C4FF1622C63C2F00B5F70F /* Debug */,
				82C4FF1722C63C2F00B5F70F /* Release */,
			);
			defaultConfigurationIsVisible = 0;
			defaultConfigurationName = Release;
		};
		82C4FF1822C63C2F00B5F70F /* Build configuration list for PBXNativeTarget "MapOverlayAnimation" */ = {
			isa = XCConfigurationList;
			buildConfigurations = (
				82C4FF1922C63C2F00B5F70F /* Debug */,
				82C4FF1A22C63C2F00B5F70F /* Release */,
			);
			defaultConfigurationIsVisible = 0;
			defaultConfigurationName = Release;
		};
/* End XCConfigurationList section */
	};
	rootObject = 82C4FEFE22C63C2D00B5F70F /* Project object */;
}
